
Microsoft Visual Studio Solution File, Format Version 12.00
# Visual Studio Version 17
VisualStudioVersion = 17.5.002.0
MinimumVisualStudioVersion = 10.0.40219.1
Project("{2150E333-8FDC-42A3-9474-1A3956D46DE8}") = "Http.Results", "Http.Results", "{C434D872-2973-4239-B84C-6DFBEDE1C516}"
EndProject
Project("{9A19103F-16F7-4668-BE54-9A1E7A4F7556}") = "Microsoft.AspNetCore.Http.Results.Tests", "Http.Results\test\Microsoft.AspNetCore.Http.Results.Tests.csproj", "{E42E3536-4E3F-49C2-8F3D-7EABFF1BBB4B}"
EndProject
Project("{9A19103F-16F7-4668-BE54-9A1E7A4F7556}") = "Microsoft.AspNetCore.Http.Results", "Http.Results\src\Microsoft.AspNetCore.Http.Results.csproj", "{B1520B68-631B-43C1-9223-AEA632FF69F4}"
EndProject
Project("{2150E333-8FDC-42A3-9474-1A3956D46DE8}") = "Owin", "Owin", "{F7E3F00B-20B7-4DC1-AB40-8B6B18D4D573}"
EndProject
Project("{9A19103F-16F7-4668-BE54-9A1E7A4F7556}") = "Microsoft.AspNetCore.Owin.Tests", "Owin\test\Microsoft.AspNetCore.Owin.Tests.csproj", "{CC0893CE-ADDB-45B2-AEB9-6C7CF8B893FC}"
EndProject
Project("{9A19103F-16F7-4668-BE54-9A1E7A4F7556}") = "Microsoft.AspNetCore.Owin", "Owin\src\Microsoft.AspNetCore.Owin.csproj", "{823D24F1-424B-4C87-87EA-6463721BA756}"
EndProject
Project("{2150E333-8FDC-42A3-9474-1A3956D46DE8}") = "Routing.Abstractions", "Routing.Abstractions", "{EAB557A1-B1AF-424B-A2BC-181FF87CE703}"
EndProject
Project("{9A19103F-16F7-4668-BE54-9A1E7A4F7556}") = "Microsoft.AspNetCore.Mvc.Routing.Abstractions.Tests", "Routing.Abstractions\test\Microsoft.AspNetCore.Mvc.Routing.Abstractions.Tests.csproj", "{70D558BD-970D-4D3E-8926-2E094E86E84A}"
EndProject
Project("{9A19103F-16F7-4668-BE54-9A1E7A4F7556}") = "Microsoft.AspNetCore.Routing.Abstractions", "Routing.Abstractions\src\Microsoft.AspNetCore.Routing.Abstractions.csproj", "{81438709-970E-44AA-AD82-6387913F7E2F}"
EndProject
Project("{2150E333-8FDC-42A3-9474-1A3956D46DE8}") = "Authentication.Abstractions", "Authentication.Abstractions", "{7C254E84-265A-4D49-9642-3B5AC33F7727}"
EndProject
Project("{9A19103F-16F7-4668-BE54-9A1E7A4F7556}") = "Microsoft.AspNetCore.Authentication.Abstractions", "Authentication.Abstractions\src\Microsoft.AspNetCore.Authentication.Abstractions.csproj", "{BCB5A837-009B-46C1-A589-2295374002E2}"
EndProject
Project("{2150E333-8FDC-42A3-9474-1A3956D46DE8}") = "samples", "samples", "{1367EFA4-2BE4-4694-94BD-7ECF929DB7DE}"
EndProject
Project("{9A19103F-16F7-4668-BE54-9A1E7A4F7556}") = "MinimalSample", "samples\MinimalSample\MinimalSample.csproj", "{62E58189-8EC9-4DCF-BD52-286869BAFA62}"
EndProject
Project("{9A19103F-16F7-4668-BE54-9A1E7A4F7556}") = "HttpAbstractions.SampleApp", "samples\SampleApp\HttpAbstractions.SampleApp.csproj", "{A3D5EC91-0B7E-4929-A937-5E907F05FA61}"
EndProject
Project("{2150E333-8FDC-42A3-9474-1A3956D46DE8}") = "Http.Features", "Http.Features", "{02036923-B6B4-484F-BA2E-806C6DFB54E7}"
EndProject
Project("{9A19103F-16F7-4668-BE54-9A1E7A4F7556}") = "Microsoft.AspNetCore.Http.Features", "Http.Features\src\Microsoft.AspNetCore.Http.Features.csproj", "{BA712D71-07B8-4004-BBB6-3C99FA70D1AD}"
EndProject
Project("{2150E333-8FDC-42A3-9474-1A3956D46DE8}") = "Headers", "Headers", "{2B827D92-8F92-4C7A-8D55-1AC223E510B7}"
EndProject
Project("{9A19103F-16F7-4668-BE54-9A1E7A4F7556}") = "Microsoft.Net.Http.Headers.Tests", "Headers\test\Microsoft.Net.Http.Headers.Tests.csproj", "{DB15E2C3-56CB-477A-9DBD-D8352EB3BE21}"
EndProject
Project("{9A19103F-16F7-4668-BE54-9A1E7A4F7556}") = "Microsoft.Net.Http.Headers", "Headers\src\Microsoft.Net.Http.Headers.csproj", "{88EA4BEF-656A-4605-BA92-87D24B11589A}"
EndProject
Project("{2150E333-8FDC-42A3-9474-1A3956D46DE8}") = "Http", "Http", "{F9B8C6C7-5A93-4764-A2B5-12EE9D8A0AA0}"
EndProject
Project("{9A19103F-16F7-4668-BE54-9A1E7A4F7556}") = "Microsoft.AspNetCore.Http.Tests", "Http\test\Microsoft.AspNetCore.Http.Tests.csproj", "{DCAD7400-EAFB-4D35-9966-743A9A5966B1}"
EndProject
Project("{9A19103F-16F7-4668-BE54-9A1E7A4F7556}") = "Microsoft.AspNetCore.Http", "Http\src\Microsoft.AspNetCore.Http.csproj", "{206951DB-4C42-4E4E-9D51-AE4A0F1313C0}"
EndProject
Project("{2150E333-8FDC-42A3-9474-1A3956D46DE8}") = "WebUtilities", "WebUtilities", "{1F2C2C8E-BB0C-448E-8A67-F6AD6A0BA29C}"
EndProject
Project("{9A19103F-16F7-4668-BE54-9A1E7A4F7556}") = "Microsoft.AspNetCore.WebUtilities.Tests", "WebUtilities\test\Microsoft.AspNetCore.WebUtilities.Tests.csproj", "{D2367B9C-1FD1-4DEF-8326-C56E04DBACCE}"
EndProject
Project("{9A19103F-16F7-4668-BE54-9A1E7A4F7556}") = "Microsoft.AspNetCore.WebUtilities", "WebUtilities\src\Microsoft.AspNetCore.WebUtilities.csproj", "{240E090D-C183-4C1F-BF0E-836C33DAFF1F}"
EndProject
Project("{2150E333-8FDC-42A3-9474-1A3956D46DE8}") = "Authentication.Core", "Authentication.Core", "{4425F95C-150B-451D-93B9-E1496A86683F}"
EndProject
Project("{9A19103F-16F7-4668-BE54-9A1E7A4F7556}") = "Microsoft.AspNetCore.Authentication.Core.Test", "Authentication.Core\test\Microsoft.AspNetCore.Authentication.Core.Test.csproj", "{61ADA97B-D636-4799-BF0B-ECB3E2C52B58}"
EndProject
Project("{9A19103F-16F7-4668-BE54-9A1E7A4F7556}") = "Microsoft.AspNetCore.Authentication.Core", "Authentication.Core\src\Microsoft.AspNetCore.Authentication.Core.csproj", "{93CFDC60-B8D6-4672-9EC8-338C719BB6E1}"
EndProject
Project("{2150E333-8FDC-42A3-9474-1A3956D46DE8}") = "Routing", "Routing", "{E85A0C44-C7AC-4148-9CE4-6AAE2B39DB42}"
EndProject
Project("{9A19103F-16F7-4668-BE54-9A1E7A4F7556}") = "Microsoft.AspNetCore.Routing", "Routing\src\Microsoft.AspNetCore.Routing.csproj", "{910A9C88-460E-4939-A8CF-E8BC5AA7F00B}"
EndProject
Project("{2150E333-8FDC-42A3-9474-1A3956D46DE8}") = "Metadata", "Metadata", "{2B871E6F-2CE0-4A65-B3EF-16D94D631B02}"
EndProject
Project("{9A19103F-16F7-4668-BE54-9A1E7A4F7556}") = "Microsoft.AspNetCore.Metadata", "Metadata\src\Microsoft.AspNetCore.Metadata.csproj", "{7466328F-3B31-413C-BFCA-2DB16E1BBBD0}"
EndProject
Project("{2150E333-8FDC-42A3-9474-1A3956D46DE8}") = "Http.Abstractions", "Http.Abstractions", "{B07F587D-39E4-4957-B870-ABFD0E66EE87}"
EndProject
Project("{9A19103F-16F7-4668-BE54-9A1E7A4F7556}") = "Microsoft.AspNetCore.Http.Abstractions.Tests", "Http.Abstractions\test\Microsoft.AspNetCore.Http.Abstractions.Tests.csproj", "{0889019C-8195-4477-8315-A96B10B59A11}"
EndProject
Project("{9A19103F-16F7-4668-BE54-9A1E7A4F7556}") = "Microsoft.AspNetCore.Http.Abstractions", "Http.Abstractions\src\Microsoft.AspNetCore.Http.Abstractions.csproj", "{BEFD2C2C-17F3-49DD-8D02-02EE97EDC888}"
EndProject
Project("{2150E333-8FDC-42A3-9474-1A3956D46DE8}") = "Http.Extensions", "Http.Extensions", "{29B80CA5-0196-4646-A758-27282622F496}"
EndProject
Project("{9A19103F-16F7-4668-BE54-9A1E7A4F7556}") = "Microsoft.AspNetCore.Http.Extensions.Tests", "Http.Extensions\test\Microsoft.AspNetCore.Http.Extensions.Tests.csproj", "{AB3984C9-C8CB-494F-BC78-55E86C4C8076}"
EndProject
Project("{9A19103F-16F7-4668-BE54-9A1E7A4F7556}") = "Microsoft.AspNetCore.Http.RequestDelegateGenerator", "Http.Extensions\gen\Microsoft.AspNetCore.Http.RequestDelegateGenerator.csproj", "{1CAEEE94-8035-4912-ABAD-0F7843E246AF}"
EndProject
Project("{9A19103F-16F7-4668-BE54-9A1E7A4F7556}") = "Microsoft.AspNetCore.Http.Extensions", "Http.Extensions\src\Microsoft.AspNetCore.Http.Extensions.csproj", "{9F34CADB-7B71-48F3-A3A3-C0EC5820E0C0}"
EndProject
Project("{2150E333-8FDC-42A3-9474-1A3956D46DE8}") = "tools", "tools", "{2095EAFC-50F4-4EC2-9830-D042CD7F8C13}"
EndProject
Project("{9A19103F-16F7-4668-BE54-9A1E7A4F7556}") = "ResultsOfTGenerator", "Http.Results\tools\ResultsOfTGenerator\ResultsOfTGenerator.csproj", "{873DD08E-9C9E-47C0-AB73-EAE329B9D349}"
EndProject
Project("{2150E333-8FDC-42A3-9474-1A3956D46DE8}") = "perf", "perf", "{ADA8C7D9-B6DA-4B0C-B0D4-B1F8DE472903}"
EndProject
Project("{9A19103F-16F7-4668-BE54-9A1E7A4F7556}") = "Microsoft.AspNetCore.Http.Microbenchmarks", "Http\perf\Microbenchmarks\Microsoft.AspNetCore.Http.Microbenchmarks.csproj", "{37A58A55-12D4-40F0-8A8A-8EDF8EDDAF1D}"
EndProject
Project("{2150E333-8FDC-42A3-9474-1A3956D46DE8}") = "perf", "perf", "{6F1E2662-22F4-45F9-9D97-11D303D7A7B5}"
EndProject
Project("{9A19103F-16F7-4668-BE54-9A1E7A4F7556}") = "Microsoft.AspNetCore.WebUtilities.Microbenchmarks", "WebUtilities\perf\Microbenchmarks\Microsoft.AspNetCore.WebUtilities.Microbenchmarks.csproj", "{102C8F2B-3CE4-4409-9DF3-B4E9CA88277B}"
EndProject
Project("{2150E333-8FDC-42A3-9474-1A3956D46DE8}") = "tools", "tools", "{25D53305-435E-442C-BC49-E5893013D3B4}"
EndProject
Project("{9A19103F-16F7-4668-BE54-9A1E7A4F7556}") = "Swaggatherer", "Routing\tools\Swaggatherer\Swaggatherer.csproj", "{78764067-3023-407B-9212-F647C87FA68C}"
EndProject
Project("{2150E333-8FDC-42A3-9474-1A3956D46DE8}") = "test", "test", "{8D34F5AD-B939-4BF8-8FE3-2743438C962F}"
EndProject
Project("{9A19103F-16F7-4668-BE54-9A1E7A4F7556}") = "Microsoft.AspNetCore.Routing.FunctionalTests", "Routing\test\FunctionalTests\Microsoft.AspNetCore.Routing.FunctionalTests.csproj", "{82786719-189E-41BF-B848-34D85F170BC9}"
EndProject
Project("{9A19103F-16F7-4668-BE54-9A1E7A4F7556}") = "Microsoft.AspNetCore.Routing.Tests", "Routing\test\UnitTests\Microsoft.AspNetCore.Routing.Tests.csproj", "{CECBB4A3-1EF2-4137-9987-09250F30D3BE}"
EndProject
Project("{2150E333-8FDC-42A3-9474-1A3956D46DE8}") = "perf", "perf", "{B0017C55-EACE-449E-AA52-7E76299EFE54}"
EndProject
Project("{9A19103F-16F7-4668-BE54-9A1E7A4F7556}") = "Microsoft.AspNetCore.Routing.Microbenchmarks", "Routing\perf\Microbenchmarks\Microsoft.AspNetCore.Routing.Microbenchmarks.csproj", "{BAC3B918-2785-4BDF-8782-90FBC1B4FD2A}"
EndProject
Project("{2150E333-8FDC-42A3-9474-1A3956D46DE8}") = "perf", "perf", "{83946317-E479-41B2-BA71-2542FAA38A53}"
EndProject
Project("{9A19103F-16F7-4668-BE54-9A1E7A4F7556}") = "Microsoft.AspNetCore.Http.Abstractions.Microbenchmarks", "Http.Abstractions\perf\Microbenchmarks\Microsoft.AspNetCore.Http.Abstractions.Microbenchmarks.csproj", "{2B6F3600-A0C9-4B3E-801C-C8F232CB383A}"
EndProject
Project("{2150E333-8FDC-42A3-9474-1A3956D46DE8}") = "testassets", "testassets", "{E284C272-C577-476A-8C1A-C65E335F9FA0}"
EndProject
Project("{9A19103F-16F7-4668-BE54-9A1E7A4F7556}") = "RoutingWebSite", "Routing\test\testassets\RoutingWebSite\RoutingWebSite.csproj", "{B18A71F6-B2CC-4232-B877-AEBD02B86E20}"
EndProject
Project("{9A19103F-16F7-4668-BE54-9A1E7A4F7556}") = "RoutingSandbox", "Routing\test\testassets\RoutingSandbox\RoutingSandbox.csproj", "{F38BB93A-3C31-40EA-820E-0F9C52799F90}"
EndProject
Project("{9A19103F-16F7-4668-BE54-9A1E7A4F7556}") = "Benchmarks", "Routing\test\testassets\Benchmarks\Benchmarks.csproj", "{E625FACA-87CF-4D33-8EDE-970447C055F5}"
EndProject
Global
	GlobalSection(SolutionConfigurationPlatforms) = preSolution
		Debug|Any CPU = Debug|Any CPU
		Release|Any CPU = Release|Any CPU
	EndGlobalSection
	GlobalSection(ProjectConfigurationPlatforms) = postSolution
		{E42E3536-4E3F-49C2-8F3D-7EABFF1BBB4B}.Debug|Any CPU.ActiveCfg = Debug|Any CPU
		{E42E3536-4E3F-49C2-8F3D-7EABFF1BBB4B}.Debug|Any CPU.Build.0 = Debug|Any CPU
		{E42E3536-4E3F-49C2-8F3D-7EABFF1BBB4B}.Release|Any CPU.ActiveCfg = Release|Any CPU
		{E42E3536-4E3F-49C2-8F3D-7EABFF1BBB4B}.Release|Any CPU.Build.0 = Release|Any CPU
		{B1520B68-631B-43C1-9223-AEA632FF69F4}.Debug|Any CPU.ActiveCfg = Debug|Any CPU
		{B1520B68-631B-43C1-9223-AEA632FF69F4}.Debug|Any CPU.Build.0 = Debug|Any CPU
		{B1520B68-631B-43C1-9223-AEA632FF69F4}.Release|Any CPU.ActiveCfg = Release|Any CPU
		{B1520B68-631B-43C1-9223-AEA632FF69F4}.Release|Any CPU.Build.0 = Release|Any CPU
		{CC0893CE-ADDB-45B2-AEB9-6C7CF8B893FC}.Debug|Any CPU.ActiveCfg = Debug|Any CPU
		{CC0893CE-ADDB-45B2-AEB9-6C7CF8B893FC}.Debug|Any CPU.Build.0 = Debug|Any CPU
		{CC0893CE-ADDB-45B2-AEB9-6C7CF8B893FC}.Release|Any CPU.ActiveCfg = Release|Any CPU
		{CC0893CE-ADDB-45B2-AEB9-6C7CF8B893FC}.Release|Any CPU.Build.0 = Release|Any CPU
		{823D24F1-424B-4C87-87EA-6463721BA756}.Debug|Any CPU.ActiveCfg = Debug|Any CPU
		{823D24F1-424B-4C87-87EA-6463721BA756}.Debug|Any CPU.Build.0 = Debug|Any CPU
		{823D24F1-424B-4C87-87EA-6463721BA756}.Release|Any CPU.ActiveCfg = Release|Any CPU
		{823D24F1-424B-4C87-87EA-6463721BA756}.Release|Any CPU.Build.0 = Release|Any CPU
		{70D558BD-970D-4D3E-8926-2E094E86E84A}.Debug|Any CPU.ActiveCfg = Debug|Any CPU
		{70D558BD-970D-4D3E-8926-2E094E86E84A}.Debug|Any CPU.Build.0 = Debug|Any CPU
		{70D558BD-970D-4D3E-8926-2E094E86E84A}.Release|Any CPU.ActiveCfg = Release|Any CPU
		{70D558BD-970D-4D3E-8926-2E094E86E84A}.Release|Any CPU.Build.0 = Release|Any CPU
		{81438709-970E-44AA-AD82-6387913F7E2F}.Debug|Any CPU.ActiveCfg = Debug|Any CPU
		{81438709-970E-44AA-AD82-6387913F7E2F}.Debug|Any CPU.Build.0 = Debug|Any CPU
		{81438709-970E-44AA-AD82-6387913F7E2F}.Release|Any CPU.ActiveCfg = Release|Any CPU
		{81438709-970E-44AA-AD82-6387913F7E2F}.Release|Any CPU.Build.0 = Release|Any CPU
		{BCB5A837-009B-46C1-A589-2295374002E2}.Debug|Any CPU.ActiveCfg = Debug|Any CPU
		{BCB5A837-009B-46C1-A589-2295374002E2}.Debug|Any CPU.Build.0 = Debug|Any CPU
		{BCB5A837-009B-46C1-A589-2295374002E2}.Release|Any CPU.ActiveCfg = Release|Any CPU
		{BCB5A837-009B-46C1-A589-2295374002E2}.Release|Any CPU.Build.0 = Release|Any CPU
		{62E58189-8EC9-4DCF-BD52-286869BAFA62}.Debug|Any CPU.ActiveCfg = Debug|Any CPU
		{62E58189-8EC9-4DCF-BD52-286869BAFA62}.Debug|Any CPU.Build.0 = Debug|Any CPU
		{62E58189-8EC9-4DCF-BD52-286869BAFA62}.Release|Any CPU.ActiveCfg = Release|Any CPU
		{62E58189-8EC9-4DCF-BD52-286869BAFA62}.Release|Any CPU.Build.0 = Release|Any CPU
		{A3D5EC91-0B7E-4929-A937-5E907F05FA61}.Debug|Any CPU.ActiveCfg = Debug|Any CPU
		{A3D5EC91-0B7E-4929-A937-5E907F05FA61}.Debug|Any CPU.Build.0 = Debug|Any CPU
		{A3D5EC91-0B7E-4929-A937-5E907F05FA61}.Release|Any CPU.ActiveCfg = Release|Any CPU
		{A3D5EC91-0B7E-4929-A937-5E907F05FA61}.Release|Any CPU.Build.0 = Release|Any CPU
		{BA712D71-07B8-4004-BBB6-3C99FA70D1AD}.Debug|Any CPU.ActiveCfg = Debug|Any CPU
		{BA712D71-07B8-4004-BBB6-3C99FA70D1AD}.Debug|Any CPU.Build.0 = Debug|Any CPU
		{BA712D71-07B8-4004-BBB6-3C99FA70D1AD}.Release|Any CPU.ActiveCfg = Release|Any CPU
		{BA712D71-07B8-4004-BBB6-3C99FA70D1AD}.Release|Any CPU.Build.0 = Release|Any CPU
		{DB15E2C3-56CB-477A-9DBD-D8352EB3BE21}.Debug|Any CPU.ActiveCfg = Debug|Any CPU
		{DB15E2C3-56CB-477A-9DBD-D8352EB3BE21}.Debug|Any CPU.Build.0 = Debug|Any CPU
		{DB15E2C3-56CB-477A-9DBD-D8352EB3BE21}.Release|Any CPU.ActiveCfg = Release|Any CPU
		{DB15E2C3-56CB-477A-9DBD-D8352EB3BE21}.Release|Any CPU.Build.0 = Release|Any CPU
		{88EA4BEF-656A-4605-BA92-87D24B11589A}.Debug|Any CPU.ActiveCfg = Debug|Any CPU
		{88EA4BEF-656A-4605-BA92-87D24B11589A}.Debug|Any CPU.Build.0 = Debug|Any CPU
		{88EA4BEF-656A-4605-BA92-87D24B11589A}.Release|Any CPU.ActiveCfg = Release|Any CPU
		{88EA4BEF-656A-4605-BA92-87D24B11589A}.Release|Any CPU.Build.0 = Release|Any CPU
		{DCAD7400-EAFB-4D35-9966-743A9A5966B1}.Debug|Any CPU.ActiveCfg = Debug|Any CPU
		{DCAD7400-EAFB-4D35-9966-743A9A5966B1}.Debug|Any CPU.Build.0 = Debug|Any CPU
		{DCAD7400-EAFB-4D35-9966-743A9A5966B1}.Release|Any CPU.ActiveCfg = Release|Any CPU
		{DCAD7400-EAFB-4D35-9966-743A9A5966B1}.Release|Any CPU.Build.0 = Release|Any CPU
		{206951DB-4C42-4E4E-9D51-AE4A0F1313C0}.Debug|Any CPU.ActiveCfg = Debug|Any CPU
		{206951DB-4C42-4E4E-9D51-AE4A0F1313C0}.Debug|Any CPU.Build.0 = Debug|Any CPU
		{206951DB-4C42-4E4E-9D51-AE4A0F1313C0}.Release|Any CPU.ActiveCfg = Release|Any CPU
		{206951DB-4C42-4E4E-9D51-AE4A0F1313C0}.Release|Any CPU.Build.0 = Release|Any CPU
		{D2367B9C-1FD1-4DEF-8326-C56E04DBACCE}.Debug|Any CPU.ActiveCfg = Debug|Any CPU
		{D2367B9C-1FD1-4DEF-8326-C56E04DBACCE}.Debug|Any CPU.Build.0 = Debug|Any CPU
		{D2367B9C-1FD1-4DEF-8326-C56E04DBACCE}.Release|Any CPU.ActiveCfg = Release|Any CPU
		{D2367B9C-1FD1-4DEF-8326-C56E04DBACCE}.Release|Any CPU.Build.0 = Release|Any CPU
		{240E090D-C183-4C1F-BF0E-836C33DAFF1F}.Debug|Any CPU.ActiveCfg = Debug|Any CPU
		{240E090D-C183-4C1F-BF0E-836C33DAFF1F}.Debug|Any CPU.Build.0 = Debug|Any CPU
		{240E090D-C183-4C1F-BF0E-836C33DAFF1F}.Release|Any CPU.ActiveCfg = Release|Any CPU
		{240E090D-C183-4C1F-BF0E-836C33DAFF1F}.Release|Any CPU.Build.0 = Release|Any CPU
		{61ADA97B-D636-4799-BF0B-ECB3E2C52B58}.Debug|Any CPU.ActiveCfg = Debug|Any CPU
		{61ADA97B-D636-4799-BF0B-ECB3E2C52B58}.Debug|Any CPU.Build.0 = Debug|Any CPU
		{61ADA97B-D636-4799-BF0B-ECB3E2C52B58}.Release|Any CPU.ActiveCfg = Release|Any CPU
		{61ADA97B-D636-4799-BF0B-ECB3E2C52B58}.Release|Any CPU.Build.0 = Release|Any CPU
		{93CFDC60-B8D6-4672-9EC8-338C719BB6E1}.Debug|Any CPU.ActiveCfg = Debug|Any CPU
		{93CFDC60-B8D6-4672-9EC8-338C719BB6E1}.Debug|Any CPU.Build.0 = Debug|Any CPU
		{93CFDC60-B8D6-4672-9EC8-338C719BB6E1}.Release|Any CPU.ActiveCfg = Release|Any CPU
		{93CFDC60-B8D6-4672-9EC8-338C719BB6E1}.Release|Any CPU.Build.0 = Release|Any CPU
		{910A9C88-460E-4939-A8CF-E8BC5AA7F00B}.Debug|Any CPU.ActiveCfg = Debug|Any CPU
		{910A9C88-460E-4939-A8CF-E8BC5AA7F00B}.Debug|Any CPU.Build.0 = Debug|Any CPU
		{910A9C88-460E-4939-A8CF-E8BC5AA7F00B}.Release|Any CPU.ActiveCfg = Release|Any CPU
		{910A9C88-460E-4939-A8CF-E8BC5AA7F00B}.Release|Any CPU.Build.0 = Release|Any CPU
		{7466328F-3B31-413C-BFCA-2DB16E1BBBD0}.Debug|Any CPU.ActiveCfg = Debug|Any CPU
		{7466328F-3B31-413C-BFCA-2DB16E1BBBD0}.Debug|Any CPU.Build.0 = Debug|Any CPU
		{7466328F-3B31-413C-BFCA-2DB16E1BBBD0}.Release|Any CPU.ActiveCfg = Release|Any CPU
		{7466328F-3B31-413C-BFCA-2DB16E1BBBD0}.Release|Any CPU.Build.0 = Release|Any CPU
		{0889019C-8195-4477-8315-A96B10B59A11}.Debug|Any CPU.ActiveCfg = Debug|Any CPU
		{0889019C-8195-4477-8315-A96B10B59A11}.Debug|Any CPU.Build.0 = Debug|Any CPU
		{0889019C-8195-4477-8315-A96B10B59A11}.Release|Any CPU.ActiveCfg = Release|Any CPU
		{0889019C-8195-4477-8315-A96B10B59A11}.Release|Any CPU.Build.0 = Release|Any CPU
		{BEFD2C2C-17F3-49DD-8D02-02EE97EDC888}.Debug|Any CPU.ActiveCfg = Debug|Any CPU
		{BEFD2C2C-17F3-49DD-8D02-02EE97EDC888}.Debug|Any CPU.Build.0 = Debug|Any CPU
		{BEFD2C2C-17F3-49DD-8D02-02EE97EDC888}.Release|Any CPU.ActiveCfg = Release|Any CPU
		{BEFD2C2C-17F3-49DD-8D02-02EE97EDC888}.Release|Any CPU.Build.0 = Release|Any CPU
		{AB3984C9-C8CB-494F-BC78-55E86C4C8076}.Debug|Any CPU.ActiveCfg = Debug|Any CPU
		{AB3984C9-C8CB-494F-BC78-55E86C4C8076}.Debug|Any CPU.Build.0 = Debug|Any CPU
		{AB3984C9-C8CB-494F-BC78-55E86C4C8076}.Release|Any CPU.ActiveCfg = Release|Any CPU
		{AB3984C9-C8CB-494F-BC78-55E86C4C8076}.Release|Any CPU.Build.0 = Release|Any CPU
		{1CAEEE94-8035-4912-ABAD-0F7843E246AF}.Debug|Any CPU.ActiveCfg = Debug|Any CPU
		{1CAEEE94-8035-4912-ABAD-0F7843E246AF}.Debug|Any CPU.Build.0 = Debug|Any CPU
		{1CAEEE94-8035-4912-ABAD-0F7843E246AF}.Release|Any CPU.ActiveCfg = Release|Any CPU
		{1CAEEE94-8035-4912-ABAD-0F7843E246AF}.Release|Any CPU.Build.0 = Release|Any CPU
		{9F34CADB-7B71-48F3-A3A3-C0EC5820E0C0}.Debug|Any CPU.ActiveCfg = Debug|Any CPU
		{9F34CADB-7B71-48F3-A3A3-C0EC5820E0C0}.Debug|Any CPU.Build.0 = Debug|Any CPU
		{9F34CADB-7B71-48F3-A3A3-C0EC5820E0C0}.Release|Any CPU.ActiveCfg = Release|Any CPU
		{9F34CADB-7B71-48F3-A3A3-C0EC5820E0C0}.Release|Any CPU.Build.0 = Release|Any CPU
		{873DD08E-9C9E-47C0-AB73-EAE329B9D349}.Debug|Any CPU.ActiveCfg = Debug|Any CPU
		{873DD08E-9C9E-47C0-AB73-EAE329B9D349}.Debug|Any CPU.Build.0 = Debug|Any CPU
		{873DD08E-9C9E-47C0-AB73-EAE329B9D349}.Release|Any CPU.ActiveCfg = Release|Any CPU
		{873DD08E-9C9E-47C0-AB73-EAE329B9D349}.Release|Any CPU.Build.0 = Release|Any CPU
		{37A58A55-12D4-40F0-8A8A-8EDF8EDDAF1D}.Debug|Any CPU.ActiveCfg = Debug|Any CPU
		{37A58A55-12D4-40F0-8A8A-8EDF8EDDAF1D}.Debug|Any CPU.Build.0 = Debug|Any CPU
		{37A58A55-12D4-40F0-8A8A-8EDF8EDDAF1D}.Release|Any CPU.ActiveCfg = Release|Any CPU
		{37A58A55-12D4-40F0-8A8A-8EDF8EDDAF1D}.Release|Any CPU.Build.0 = Release|Any CPU
		{102C8F2B-3CE4-4409-9DF3-B4E9CA88277B}.Debug|Any CPU.ActiveCfg = Debug|Any CPU
		{102C8F2B-3CE4-4409-9DF3-B4E9CA88277B}.Debug|Any CPU.Build.0 = Debug|Any CPU
		{102C8F2B-3CE4-4409-9DF3-B4E9CA88277B}.Release|Any CPU.ActiveCfg = Release|Any CPU
		{102C8F2B-3CE4-4409-9DF3-B4E9CA88277B}.Release|Any CPU.Build.0 = Release|Any CPU
		{78764067-3023-407B-9212-F647C87FA68C}.Debug|Any CPU.ActiveCfg = Debug|Any CPU
		{78764067-3023-407B-9212-F647C87FA68C}.Debug|Any CPU.Build.0 = Debug|Any CPU
		{78764067-3023-407B-9212-F647C87FA68C}.Release|Any CPU.ActiveCfg = Release|Any CPU
		{78764067-3023-407B-9212-F647C87FA68C}.Release|Any CPU.Build.0 = Release|Any CPU
		{82786719-189E-41BF-B848-34D85F170BC9}.Debug|Any CPU.ActiveCfg = Debug|Any CPU
		{82786719-189E-41BF-B848-34D85F170BC9}.Debug|Any CPU.Build.0 = Debug|Any CPU
		{82786719-189E-41BF-B848-34D85F170BC9}.Release|Any CPU.ActiveCfg = Release|Any CPU
		{82786719-189E-41BF-B848-34D85F170BC9}.Release|Any CPU.Build.0 = Release|Any CPU
		{CECBB4A3-1EF2-4137-9987-09250F30D3BE}.Debug|Any CPU.ActiveCfg = Debug|Any CPU
		{CECBB4A3-1EF2-4137-9987-09250F30D3BE}.Debug|Any CPU.Build.0 = Debug|Any CPU
		{CECBB4A3-1EF2-4137-9987-09250F30D3BE}.Release|Any CPU.ActiveCfg = Release|Any CPU
		{CECBB4A3-1EF2-4137-9987-09250F30D3BE}.Release|Any CPU.Build.0 = Release|Any CPU
		{BAC3B918-2785-4BDF-8782-90FBC1B4FD2A}.Debug|Any CPU.ActiveCfg = Debug|Any CPU
		{BAC3B918-2785-4BDF-8782-90FBC1B4FD2A}.Debug|Any CPU.Build.0 = Debug|Any CPU
		{BAC3B918-2785-4BDF-8782-90FBC1B4FD2A}.Release|Any CPU.ActiveCfg = Release|Any CPU
		{BAC3B918-2785-4BDF-8782-90FBC1B4FD2A}.Release|Any CPU.Build.0 = Release|Any CPU
		{2B6F3600-A0C9-4B3E-801C-C8F232CB383A}.Debug|Any CPU.ActiveCfg = Debug|Any CPU
		{2B6F3600-A0C9-4B3E-801C-C8F232CB383A}.Debug|Any CPU.Build.0 = Debug|Any CPU
		{2B6F3600-A0C9-4B3E-801C-C8F232CB383A}.Release|Any CPU.ActiveCfg = Release|Any CPU
		{2B6F3600-A0C9-4B3E-801C-C8F232CB383A}.Release|Any CPU.Build.0 = Release|Any CPU
		{B18A71F6-B2CC-4232-B877-AEBD02B86E20}.Debug|Any CPU.ActiveCfg = Debug|Any CPU
		{B18A71F6-B2CC-4232-B877-AEBD02B86E20}.Debug|Any CPU.Build.0 = Debug|Any CPU
		{B18A71F6-B2CC-4232-B877-AEBD02B86E20}.Release|Any CPU.ActiveCfg = Release|Any CPU
		{B18A71F6-B2CC-4232-B877-AEBD02B86E20}.Release|Any CPU.Build.0 = Release|Any CPU
		{F38BB93A-3C31-40EA-820E-0F9C52799F90}.Debug|Any CPU.ActiveCfg = Debug|Any CPU
		{F38BB93A-3C31-40EA-820E-0F9C52799F90}.Debug|Any CPU.Build.0 = Debug|Any CPU
		{F38BB93A-3C31-40EA-820E-0F9C52799F90}.Release|Any CPU.ActiveCfg = Release|Any CPU
		{F38BB93A-3C31-40EA-820E-0F9C52799F90}.Release|Any CPU.Build.0 = Release|Any CPU
		{E625FACA-87CF-4D33-8EDE-970447C055F5}.Debug|Any CPU.ActiveCfg = Debug|Any CPU
		{E625FACA-87CF-4D33-8EDE-970447C055F5}.Debug|Any CPU.Build.0 = Debug|Any CPU
		{E625FACA-87CF-4D33-8EDE-970447C055F5}.Release|Any CPU.ActiveCfg = Release|Any CPU
		{E625FACA-87CF-4D33-8EDE-970447C055F5}.Release|Any CPU.Build.0 = Release|Any CPU
	EndGlobalSection
	GlobalSection(SolutionProperties) = preSolution
		HideSolutionNode = FALSE
	EndGlobalSection
	GlobalSection(NestedProjects) = preSolution
		{E42E3536-4E3F-49C2-8F3D-7EABFF1BBB4B} = {C434D872-2973-4239-B84C-6DFBEDE1C516}
		{B1520B68-631B-43C1-9223-AEA632FF69F4} = {C434D872-2973-4239-B84C-6DFBEDE1C516}
		{CC0893CE-ADDB-45B2-AEB9-6C7CF8B893FC} = {F7E3F00B-20B7-4DC1-AB40-8B6B18D4D573}
		{823D24F1-424B-4C87-87EA-6463721BA756} = {F7E3F00B-20B7-4DC1-AB40-8B6B18D4D573}
		{70D558BD-970D-4D3E-8926-2E094E86E84A} = {EAB557A1-B1AF-424B-A2BC-181FF87CE703}
		{81438709-970E-44AA-AD82-6387913F7E2F} = {EAB557A1-B1AF-424B-A2BC-181FF87CE703}
		{BCB5A837-009B-46C1-A589-2295374002E2} = {7C254E84-265A-4D49-9642-3B5AC33F7727}
		{62E58189-8EC9-4DCF-BD52-286869BAFA62} = {1367EFA4-2BE4-4694-94BD-7ECF929DB7DE}
		{A3D5EC91-0B7E-4929-A937-5E907F05FA61} = {1367EFA4-2BE4-4694-94BD-7ECF929DB7DE}
		{BA712D71-07B8-4004-BBB6-3C99FA70D1AD} = {02036923-B6B4-484F-BA2E-806C6DFB54E7}
		{DB15E2C3-56CB-477A-9DBD-D8352EB3BE21} = {2B827D92-8F92-4C7A-8D55-1AC223E510B7}
		{88EA4BEF-656A-4605-BA92-87D24B11589A} = {2B827D92-8F92-4C7A-8D55-1AC223E510B7}
		{DCAD7400-EAFB-4D35-9966-743A9A5966B1} = {F9B8C6C7-5A93-4764-A2B5-12EE9D8A0AA0}
		{206951DB-4C42-4E4E-9D51-AE4A0F1313C0} = {F9B8C6C7-5A93-4764-A2B5-12EE9D8A0AA0}
		{D2367B9C-1FD1-4DEF-8326-C56E04DBACCE} = {1F2C2C8E-BB0C-448E-8A67-F6AD6A0BA29C}
		{240E090D-C183-4C1F-BF0E-836C33DAFF1F} = {1F2C2C8E-BB0C-448E-8A67-F6AD6A0BA29C}
		{61ADA97B-D636-4799-BF0B-ECB3E2C52B58} = {4425F95C-150B-451D-93B9-E1496A86683F}
		{93CFDC60-B8D6-4672-9EC8-338C719BB6E1} = {4425F95C-150B-451D-93B9-E1496A86683F}
		{910A9C88-460E-4939-A8CF-E8BC5AA7F00B} = {E85A0C44-C7AC-4148-9CE4-6AAE2B39DB42}
		{7466328F-3B31-413C-BFCA-2DB16E1BBBD0} = {2B871E6F-2CE0-4A65-B3EF-16D94D631B02}
		{0889019C-8195-4477-8315-A96B10B59A11} = {B07F587D-39E4-4957-B870-ABFD0E66EE87}
		{BEFD2C2C-17F3-49DD-8D02-02EE97EDC888} = {B07F587D-39E4-4957-B870-ABFD0E66EE87}
		{AB3984C9-C8CB-494F-BC78-55E86C4C8076} = {29B80CA5-0196-4646-A758-27282622F496}
		{1CAEEE94-8035-4912-ABAD-0F7843E246AF} = {29B80CA5-0196-4646-A758-27282622F496}
		{9F34CADB-7B71-48F3-A3A3-C0EC5820E0C0} = {29B80CA5-0196-4646-A758-27282622F496}
		{2095EAFC-50F4-4EC2-9830-D042CD7F8C13} = {C434D872-2973-4239-B84C-6DFBEDE1C516}
		{873DD08E-9C9E-47C0-AB73-EAE329B9D349} = {2095EAFC-50F4-4EC2-9830-D042CD7F8C13}
		{ADA8C7D9-B6DA-4B0C-B0D4-B1F8DE472903} = {F9B8C6C7-5A93-4764-A2B5-12EE9D8A0AA0}
		{37A58A55-12D4-40F0-8A8A-8EDF8EDDAF1D} = {ADA8C7D9-B6DA-4B0C-B0D4-B1F8DE472903}
		{6F1E2662-22F4-45F9-9D97-11D303D7A7B5} = {1F2C2C8E-BB0C-448E-8A67-F6AD6A0BA29C}
		{102C8F2B-3CE4-4409-9DF3-B4E9CA88277B} = {6F1E2662-22F4-45F9-9D97-11D303D7A7B5}
		{25D53305-435E-442C-BC49-E5893013D3B4} = {E85A0C44-C7AC-4148-9CE4-6AAE2B39DB42}
		{78764067-3023-407B-9212-F647C87FA68C} = {25D53305-435E-442C-BC49-E5893013D3B4}
		{8D34F5AD-B939-4BF8-8FE3-2743438C962F} = {E85A0C44-C7AC-4148-9CE4-6AAE2B39DB42}
		{82786719-189E-41BF-B848-34D85F170BC9} = {8D34F5AD-B939-4BF8-8FE3-2743438C962F}
		{CECBB4A3-1EF2-4137-9987-09250F30D3BE} = {8D34F5AD-B939-4BF8-8FE3-2743438C962F}
		{B0017C55-EACE-449E-AA52-7E76299EFE54} = {E85A0C44-C7AC-4148-9CE4-6AAE2B39DB42}
		{BAC3B918-2785-4BDF-8782-90FBC1B4FD2A} = {B0017C55-EACE-449E-AA52-7E76299EFE54}
		{83946317-E479-41B2-BA71-2542FAA38A53} = {B07F587D-39E4-4957-B870-ABFD0E66EE87}
		{2B6F3600-A0C9-4B3E-801C-C8F232CB383A} = {83946317-E479-41B2-BA71-2542FAA38A53}
		{E284C272-C577-476A-8C1A-C65E335F9FA0} = {8D34F5AD-B939-4BF8-8FE3-2743438C962F}
		{B18A71F6-B2CC-4232-B877-AEBD02B86E20} = {E284C272-C577-476A-8C1A-C65E335F9FA0}
		{F38BB93A-3C31-40EA-820E-0F9C52799F90} = {E284C272-C577-476A-8C1A-C65E335F9FA0}
		{E625FACA-87CF-4D33-8EDE-970447C055F5} = {E284C272-C577-476A-8C1A-C65E335F9FA0}
	EndGlobalSection
	GlobalSection(ExtensibilityGlobals) = postSolution
		SolutionGuid = {479D0D75-1934-49F7-9A42-C9FEB73F36C3}
	EndGlobalSection
EndGlobal
